// !$*UTF8*$!
{
	archiveVersion = 1;
	classes = {
	};
	objectVersion = 46;
	objects = {

/* Begin PBXBuildFile section */
		96118E101E0063DB0006919F /* AppDelegate.swift in Sources */ = {isa = PBXBuildFile; fileRef = 96118E0F1E0063DB0006919F /* AppDelegate.swift */; };
		96118E121E0063DB0006919F /* ViewController.swift in Sources */ = {isa = PBXBuildFile; fileRef = 96118E111E0063DB0006919F /* ViewController.swift */; };
		96118E151E0063DB0006919F /* Main.storyboard in Resources */ = {isa = PBXBuildFile; fileRef = 96118E131E0063DB0006919F /* Main.storyboard */; };
		96118E171E0063DB0006919F /* Assets.xcassets in Resources */ = {isa = PBXBuildFile; fileRef = 96118E161E0063DB0006919F /* Assets.xcassets */; };
		96118E1A1E0063DB0006919F /* LaunchScreen.storyboard in Resources */ = {isa = PBXBuildFile; fileRef = 96118E181E0063DB0006919F /* LaunchScreen.storyboard */; };
/* End PBXBuildFile section */

/* Begin PBXFileReference section */
		96118E0C1E0063DB0006919F /* oldStackview.app */ = {isa = PBXFileReference; explicitFileType = wrapper.application; includeInIndex = 0; path = oldStackview.app; sourceTree = BUILT_PRODUCTS_DIR; };
		96118E0F1E0063DB0006919F /* AppDelegate.swift */ = {isa = PBXFileReference; lastKnownFileType = sourcecode.swift; path = AppDelegate.swift; sourceTree = "<group>"; };
		96118E111E0063DB0006919F /* ViewController.swift */ = {isa = PBXFileReference; lastKnownFileType = sourcecode.swift; path = ViewController.swift; sourceTree = "<group>"; };
		96118E141E0063DB0006919F /* Base */ = {isa = PBXFileReference; lastKnownFileType = file.storyboard; name = Base; path = Base.lproj/Main.storyboard; sourceTree = "<group>"; };
		96118E161E0063DB0006919F /* Assets.xcassets */ = {isa = PBXFileReference; lastKnownFileType = folder.assetcatalog; path = Assets.xcassets; sourceTree = "<group>"; };
		96118E191E0063DB0006919F /* Base */ = {isa = PBXFileReference; lastKnownFileType = file.storyboard; name = Base; path = Base.lproj/LaunchScreen.storyboard; sourceTree = "<group>"; };
		96118E1B1E0063DB0006919F /* Info.plist */ = {isa = PBXFileReference; lastKnownFileType = text.plist.xml; path = Info.plist; sourceTree = "<group>"; };
/* End PBXFileReference section */

/* Begin PBXFrameworksBuildPhase section */
		96118E091E0063DB0006919F /* Frameworks */ = {
			isa = PBXFrameworksBuildPhase;
			buildActionMask = 2147483647;
			files = (
			);
			runOnlyForDeploymentPostprocessing = 0;
		};
/* End PBXFrameworksBuildPhase section */

/* Begin PBXGroup section */
		96118E031E0063DB0006919F = {
			isa = PBXGroup;
			children = (
				96118E0E1E0063DB0006919F /* oldStackview */,
				96118E0D1E0063DB0006919F /* Products */,
			);
			sourceTree = "<group>";
		};
		96118E0D1E0063DB0006919F /* Products */ = {
			isa = PBXGroup;
			children = (
				96118E0C1E0063DB0006919F /* oldStackview.app */,
			);
			name = Products;
			sourceTree = "<group>";
		};
		96118E0E1E0063DB0006919F /* oldStackview */ = {
			isa = PBXGroup;
			children = (
				96118E0F1E0063DB0006919F /* AppDelegate.swift */,
				96118E111E0063DB0006919F /* ViewController.swift */,
				96118E131E0063DB0006919F /* Main.storyboard */,
				96118E161E0063DB0006919F /* Assets.xcassets */,
				96118E181E0063DB0006919F /* LaunchScreen.storyboard */,
				96118E1B1E0063DB0006919F /* Info.plist */,
			);
			path = oldStackview;
			sourceTree = "<group>";
		};
/* End PBXGroup section */

/* Begin PBXNativeTarget section */
		96118E0B1E0063DB0006919F /* oldStackview */ = {
			isa = PBXNativeTarget;
			buildConfigurationList = 96118E1E1E0063DB0006919F /* Build configuration list for PBXNativeTarget "oldStackview" */;
			buildPhases = (
				96118E081E0063DB0006919F /* Sources */,
				96118E091E0063DB0006919F /* Frameworks */,
				96118E0A1E0063DB0006919F /* Resources */,
			);
			buildRules = (
			);
			dependencies = (
			);
			name = oldStackview;
			productName = oldStackview;
			productReference = 96118E0C1E0063DB0006919F /* oldStackview.app */;
			productType = "com.apple.product-type.application";
		};
/* End PBXNativeTarget section */

/* Begin PBXProject section */
		96118E041E0063DB0006919F /* Project object */ = {
			isa = PBXProject;
			attributes = {
				LastSwiftUpdateCheck = 0800;
				LastUpgradeCheck = 0800;
				ORGANIZATIONNAME = "Jim Veneskey";
				TargetAttributes = {
					96118E0B1E0063DB0006919F = {
						CreatedOnToolsVersion = 8.0;
						ProvisioningStyle = Automatic;
					};
				};
			};
			buildConfigurationList = 96118E071E0063DB0006919F /* Build configuration list for PBXProject "oldStackview" */;
			compatibilityVersion = "Xcode 3.2";
			developmentRegion = English;
			hasScannedForEncodings = 0;
			knownRegions = (
				en,
				Base,
			);
			mainGroup = 96118E031E0063DB0006919F;
			productRefGroup = 96118E0D1E0063DB0006919F /* Products */;
			projectDirPath = "";
			projectRoot = "";
			targets = (
				96118E0B1E0063DB0006919F /* oldStackview */,
			);
		};
/* End PBXProject section */

/* Begin PBXResourcesBuildPhase section */
		96118E0A1E0063DB0006919F /* Resources */ = {
			isa = PBXResourcesBuildPhase;
			buildActionMask = 2147483647;
			files = (
				96118E1A1E0063DB0006919F /* LaunchScreen.storyboard in Resources */,
				96118E171E0063DB0006919F /* Assets.xcassets in Resources */,
				96118E151E0063DB0006919F /* Main.storyboard in Resources */,
			);
			runOnlyForDeploymentPostprocessing = 0;
		};
/* End PBXResourcesBuildPhase section */

/* Begin PBXSourcesBuildPhase section */
		96118E081E0063DB0006919F /* Sources */ = {
			isa = PBXSourcesBuildPhase;
			buildActionMask = 2147483647;
			files = (
				96118E121E0063DB0006919F /* ViewController.swift in Sources */,
				96118E101E0063DB0006919F /* AppDelegate.swift in Sources */,
			);
			runOnlyForDeploymentPostprocessing = 0;
		};
/* End PBXSourcesBuildPhase section */

/* Begin PBXVariantGroup section */
		96118E131E0063DB0006919F /* Main.storyboard */ = {
			isa = PBXVariantGroup;
			children = (
				96118E141E0063DB0006919F /* Base */,
			);
			name = Main.storyboard;
			sourceTree = "<group>";
		};
		96118E181E0063DB0006919F /* LaunchScreen.storyboard */ = {
			isa = PBXVariantGroup;
			children = (
				96118E191E0063DB0006919F /* Base */,
			);
			name = LaunchScreen.storyboard;
			sourceTree = "<group>";
		};
/* End PBXVariantGroup section */

/* Begin XCBuildConfiguration section */
		96118E1C1E0063DB0006919F /* Debug */ = {
			isa = XCBuildConfiguration;
			buildSettings = {
				ALWAYS_SEARCH_USER_PATHS = NO;
				CLANG_ANALYZER_NONNULL = YES;
				CLANG_CXX_LANGUAGE_STANDARD = "gnu++0x";
				CLANG_CXX_LIBRARY = "libc++";
				CLANG_ENABLE_MODULES = YES;
				CLANG_ENABLE_OBJC_ARC = YES;
				CLANG_WARN_BOOL_CONVERSION = YES;
				CLANG_WARN_CONSTANT_CONVERSION = YES;
				CLANG_WARN_DIRECT_OBJC_ISA_USAGE = YES_ERROR;
				CLANG_WARN_DOCUMENTATION_COMMENTS = YES;
				CLANG_WARN_EMPTY_BODY = YES;
				CLANG_WARN_ENUM_CONVERSION = YES;
				CLANG_WARN_INFINITE_RECURSION = YES;
				CLANG_WARN_INT_CONVERSION = YES;
				CLANG_WARN_OBJC_ROOT_CLASS = YES_ERROR;
				CLANG_WARN_SUSPICIOUS_MOVES = YES;
				CLANG_WARN_UNREACHABLE_CODE = YES;
				CLANG_WARN__DUPLICATE_METHOD_MATCH = YES;
				"CODE_SIGN_IDENTITY[sdk=iphoneos*]" = "iPhone Developer";
				COPY_PHASE_STRIP = NO;
				DEBUG_INFORMATION_FORMAT = dwarf;
				ENABLE_STRICT_OBJC_MSGSEND = YES;
				ENABLE_TESTABILITY = YES;
				GCC_C_LANGUAGE_STANDARD = gnu99;
				GCC_DYNAMIC_NO_PIC = NO;
				GCC_NO_COMMON_BLOCKS = YES;
				GCC_OPTIMIZATION_LEVEL = 0;
				GCC_PREPROCESSOR_DEFINITIONS = (
					"DEBUG=1",
					"$(inherited)",
				);
				GCC_WARN_64_TO_32_BIT_CONVERSION = YES;
				GCC_WARN_ABOUT_RETURN_TYPE = YES_ERROR;
				GCC_WARN_UNDECLARED_SELECTOR = YES;
				GCC_WARN_UNINITIALIZED_AUTOS = YES_AGGRESSIVE;
				GCC_WARN_UNUSED_FUNCTION = YES;
				GCC_WARN_UNUSED_VARIABLE = YES;
				IPHONEOS_DEPLOYMENT_TARGET = 10.0;
				MTL_ENABLE_DEBUG_INFO = YES;
				ONLY_ACTIVE_ARCH = YES;
				SDKROOT = iphoneos;
				SWIFT_ACTIVE_COMPILATION_CONDITIONS = DEBUG;
				SWIFT_OPTIMIZATION_LEVEL = "-Onone";
				TARGETED_DEVICE_FAMILY = "1,2";
			};
			name = Debug;
		};
		96118E1D1E0063DB0006919F /* Release */ = {
			isa = XCBuildConfiguration;
			buildSettings = {
				ALWAYS_SEARCH_USER_PATHS = NO;
				CLANG_ANALYZER_NONNULL = YES;
				CLANG_CXX_LANGUAGE_STANDARD = "gnu++0x";
				CLANG_CXX_LIBRARY = "libc++";
				CLANG_ENABLE_MODULES = YES;
				CLANG_ENABLE_OBJC_ARC = YES;
				CLANG_WARN_BOOL_CONVERSION = YES;
				CLANG_WARN_CONSTANT_CONVERSION = YES;
				CLANG_WARN_DIRECT_OBJC_ISA_USAGE = YES_ERROR;
				CLANG_WARN_DOCUMENTATION_COMMENTS = YES;
				CLANG_WARN_EMPTY_BODY = YES;
				CLANG_WARN_ENUM_CONVERSION = YES;
				CLANG_WARN_INFINITE_RECURSION = YES;
				CLANG_WARN_INT_CONVERSION = YES;
				CLANG_WARN_OBJC_ROOT_CLASS = YES_ERROR;
				CLANG_WARN_SUSPICIOUS_MOVES = YES;
				CLANG_WARN_UNREACHABLE_CODE = YES;
				CLANG_WARN__DUPLICATE_METHOD_MATCH = YES;
				"CODE_SIGN_IDENTITY[sdk=iphoneos*]" = "iPhone Developer";
				COPY_PHASE_STRIP = NO;
				DEBUG_INFORMATION_FORMAT = "dwarf-with-dsym";
				ENABLE_NS_ASSERTIONS = NO;
				ENABLE_STRICT_OBJC_MSGSEND = YES;
				GCC_C_LANGUAGE_STANDARD = gnu99;
				GCC_NO_COMMON_BLOCKS = YES;
				GCC_WARN_64_TO_32_BIT_CONVERSION = YES;
				GCC_WARN_ABOUT_RETURN_TYPE = YES_ERROR;
				GCC_WARN_UNDECLARED_SELECTOR = YES;
				GCC_WARN_UNINITIALIZED_AUTOS = YES_AGGRESSIVE;
				GCC_WARN_UNUSED_FUNCTION = YES;
				GCC_WARN_UNUSED_VARIABLE = YES;
				IPHONEOS_DEPLOYMENT_TARGET = 10.0;
				MTL_ENABLE_DEBUG_INFO = NO;
				SDKROOT = iphoneos;
				SWIFT_OPTIMIZATION_LEVEL = "-Owholemodule";
				TARGETED_DEVICE_FAMILY = "1,2";
				VALIDATE_PRODUCT = YES;
			};
			name = Release;
		};
		96118E1F1E0063DB0006919F /* Debug */ = {
			isa = XCBuildConfiguration;
			buildSettings = {
				ASSETCATALOG_COMPILER_APPICON_NAME = AppIcon;
				INFOPLIST_FILE = oldStackview/Info.plist;
				LD_RUNPATH_SEARCH_PATHS = "$(inherited) @executable_path/Frameworks";
				PRODUCT_BUNDLE_IDENTIFIER = com.strifecrafter.oldStackview;
				PRODUCT_NAME = "$(TARGET_NAME)";
				SWIFT_VERSION = 3.0;
			};
			name = Debug;
		};
		96118E201E0063DB0006919F /* Release */ = {
			isa = XCBuildConfiguration;
			buildSettings = {
				ASSETCATALOG_COMPILER_APPICON_NAME = AppIcon;
				INFOPLIST_FILE = oldStackview/Info.plist;
				LD_RUNPATH_SEARCH_PATHS = "$(inherited) @executable_path/Frameworks";
				PRODUCT_BUNDLE_IDENTIFIER = com.strifecrafter.oldStackview;
				PRODUCT_NAME = "$(TARGET_NAME)";
				SWIFT_VERSION = 3.0;
			};
			name = Release;
		};
/* End XCBuildConfiguration section */

/* Begin XCConfigurationList section */
		96118E071E0063DB0006919F /* Build configuration list for PBXProject "oldStackview" */ = {
			isa = XCConfigurationList;
			buildConfigurations = (
				96118E1C1E0063DB0006919F /* Debug */,
				96118E1D1E0063DB0006919F /* Release */,
			);
			defaultConfigurationIsVisible = 0;
			defaultConfigurationName = Release;
		};
		96118E1E1E0063DB0006919F /* Build configuration list for PBXNativeTarget "oldStackview" */ = {
			isa = XCConfigurationList;
			buildConfigurations = (
				96118E1F1E0063DB0006919F /* Debug */,
				96118E201E0063DB0006919F /* Release */,
			);
			defaultConfigurationIsVisible = 0;
		};
/* End XCConfigurationList section */
	};
	rootObject = 96118E041E0063DB0006919F /* Project object */;
}
